
Microsoft Visual Studio Solution File, Format Version 12.00
# Visual Studio Version 17
VisualStudioVersion = 17.14.36930.0 d17.14
MinimumVisualStudioVersion = 10.0.40219.1
Project("{FAE04EC0-301F-11D3-BF4B-00C04F79EFBC}") = "Portfolio", "Portfolio\Portfolio.csproj", "{4CD228F9-CF24-4B36-87E1-86DD26128674}"
EndProject
Global
	GlobalSection(SolutionConfigurationPlatforms) = preSolution
		Debug|Any CPU = Debug|Any CPU
		Release|Any CPU = Release|Any CPU
	EndGlobalSection
	GlobalSection(ProjectConfigurationPlatforms) = postSolution
		{4CD228F9-CF24-4B36-87E1-86DD26128674}.Debug|Any CPU.ActiveCfg = Debug|Any CPU
		{4CD228F9-CF24-4B36-87E1-86DD26128674}.Debug|Any CPU.Build.0 = Debug|Any CPU
		{4CD228F9-CF24-4B36-87E1-86DD26128674}.Release|Any CPU.ActiveCfg = Release|Any CPU
		{4CD228F9-CF24-4B36-87E1-86DD26128674}.Release|Any CPU.Build.0 = Release|Any CPU
	EndGlobalSection
	GlobalSection(SolutionProperties) = preSolution
		HideSolutionNode = FALSE
	EndGlobalSection
	GlobalSection(ExtensibilityGlobals) = postSolution
		SolutionGuid = {3A03473B-D6FB-4C23-AA3D-3868A78458E9}
	EndGlobalSection
EndGlobal
